
Microsoft Visual Studio Solution File, Format Version 12.00
# Visual Studio 15
Project("{FAE04EC0-301F-11D3-BF4B-00C04F79EFBC}") = "Assembly-CSharp-firstpass", "Assembly-CSharp-firstpass.csproj", "{6351190A-4B28-E4F3-EFA6-0E7F9ADA54A5}"
EndProject
Project("{FAE04EC0-301F-11D3-BF4B-00C04F79EFBC}") = "Assembly-CSharp", "Assembly-CSharp.csproj", "{47C6E549-C5B5-459D-8E6C-2041651F0A56}"
EndProject
Global
	GlobalSection(SolutionConfigurationPlatforms) = preSolution
		Debug|Any CPU = Debug|Any CPU
		Release|Any CPU = Release|Any CPU
	EndGlobalSection
	GlobalSection(ProjectConfigurationPlatforms) = postSolution
		{6351190A-4B28-E4F3-EFA6-0E7F9ADA54A5}.Debug|Any CPU.ActiveCfg = Debug|Any CPU
		{6351190A-4B28-E4F3-EFA6-0E7F9ADA54A5}.Debug|Any CPU.Build.0 = Debug|Any CPU
		{6351190A-4B28-E4F3-EFA6-0E7F9ADA54A5}.Release|Any CPU.ActiveCfg = Release|Any CPU
		{6351190A-4B28-E4F3-EFA6-0E7F9ADA54A5}.Release|Any CPU.Build.0 = Release|Any CPU
		{47C6E549-C5B5-459D-8E6C-2041651F0A56}.Debug|Any CPU.ActiveCfg = Debug|Any CPU
		{47C6E549-C5B5-459D-8E6C-2041651F0A56}.Debug|Any CPU.Build.0 = Debug|Any CPU
		{47C6E549-C5B5-459D-8E6C-2041651F0A56}.Release|Any CPU.ActiveCfg = Release|Any CPU
		{47C6E549-C5B5-459D-8E6C-2041651F0A56}.Release|Any CPU.Build.0 = Release|Any CPU
	EndGlobalSection
	GlobalSection(SolutionProperties) = preSolution
		HideSolutionNode = FALSE
	EndGlobalSection
EndGlobal
